
Microsoft Visual Studio Solution File, Format Version 12.00
# Visual Studio Version 17
VisualStudioVersion = 17.0.31903.59
MinimumVisualStudioVersion = 10.0.40219.1
Project("{FAE04EC0-301F-11D3-BF4B-00C04F79EFBC}") = "HPD-Agent", "HPD-Agent\HPD-Agent.csproj", "{028CF679-8342-45E5-A8D4-CF864D45F306}"
EndProject
Project("{FAE04EC0-301F-11D3-BF4B-00C04F79EFBC}") = "HPD-Agent.SourceGenerator", "HPD-Agent.SourceGenerator\HPD-Agent.SourceGenerator.csproj", "{9FCFCF82-797E-4BD0-A51A-F2E8F68B7636}"
EndProject
Project("{FAE04EC0-301F-11D3-BF4B-00C04F79EFBC}") = "HPD-Agent.TextExtraction", "HPD-Agent.TextExtraction\HPD-Agent.TextExtraction.csproj", "{FAA62D9F-DD0B-457B-89CB-C65E6CBAA83F}"
EndProject
Project("{FAE04EC0-301F-11D3-BF4B-00C04F79EFBC}") = "HPD-Agent.MCP", "HPD-Agent.MCP\HPD-Agent.MCP.csproj", "{A1B2C3D4-E5F6-4A7B-8C9D-0E1F2A3B4C5D}"
EndProject
Project("{2150E333-8FDC-42A3-9474-1A3956D46DE8}") = "HPD-Agent.Plugins", "HPD-Agent.Plugins", "{DA053773-4718-BBFE-4AB7-9E4FCE55BF84}"
EndProject
Project("{FAE04EC0-301F-11D3-BF4B-00C04F79EFBC}") = "HPD-Agent.Plugins.FileSystem", "HPD-Agent.Plugins\HPD-Agent.Plugins.FileSystem\HPD-Agent.Plugins.FileSystem.csproj", "{DB341036-1919-4305-A8D1-0BFC4FDB945C}"
EndProject
Project("{2150E333-8FDC-42A3-9474-1A3956D46DE8}") = "HPD.Providers", "HPD.Providers", "{13F376EC-4ED9-804B-45EC-213154A263D1}"
EndProject
Project("{FAE04EC0-301F-11D3-BF4B-00C04F79EFBC}") = "HPD.Providers.Core", "HPD.Providers\HPD.Providers.Core\HPD.Providers.Core.csproj", "{2C1A268D-DBE4-48D3-A239-C895CB2B5B4B}"
EndProject
Project("{FAE04EC0-301F-11D3-BF4B-00C04F79EFBC}") = "HPD.Providers.OpenAI", "HPD.Providers\HPD.Providers.OpenAI\HPD.Providers.OpenAI.csproj", "{7F8FEE84-E0A4-490D-909A-00E6C90BE908}"
EndProject
Project("{FAE04EC0-301F-11D3-BF4B-00C04F79EFBC}") = "HPD.Providers.Anthropic", "HPD.Providers\HPD.Providers.Anthropic\HPD.Providers.Anthropic.csproj", "{BD961935-E21F-42F0-B696-2FAC890CE33E}"
EndProject
Project("{FAE04EC0-301F-11D3-BF4B-00C04F79EFBC}") = "HPD.Providers.Ollama", "HPD.Providers\HPD.Providers.Ollama\HPD.Providers.Ollama.csproj", "{7978DBA1-18F7-4C47-A0A6-9ABB91D4EF78}"
EndProject
Project("{FAE04EC0-301F-11D3-BF4B-00C04F79EFBC}") = "HPD.Providers.GoogleAI", "HPD.Providers\HPD.Providers.GoogleAI\HPD.Providers.GoogleAI.csproj", "{CC96AC1E-BE3B-4A28-ADFD-966A1B7F8C1B}"
EndProject
Project("{FAE04EC0-301F-11D3-BF4B-00C04F79EFBC}") = "HPD.Providers.Mistral", "HPD.Providers\HPD.Providers.Mistral\HPD.Providers.Mistral.csproj", "{505E42E8-BB57-4A67-B2A0-C62680F9478F}"
EndProject
Project("{FAE04EC0-301F-11D3-BF4B-00C04F79EFBC}") = "HPD.Providers.HuggingFace", "HPD.Providers\HPD.Providers.HuggingFace\HPD.Providers.HuggingFace.csproj", "{082A29DF-27E8-48FD-95E6-6B6579EB5F2B}"
EndProject
Project("{FAE04EC0-301F-11D3-BF4B-00C04F79EFBC}") = "HPD.Providers.Bedrock", "HPD.Providers\HPD.Providers.Bedrock\HPD.Providers.Bedrock.csproj", "{8F3361D0-BB24-432B-9150-A490C46ADEFA}"
EndProject
Project("{FAE04EC0-301F-11D3-BF4B-00C04F79EFBC}") = "HPD.Providers.AzureAIInference", "HPD.Providers\HPD.Providers.AzureAIInference\HPD.Providers.AzureAIInference.csproj", "{91F79803-F847-4AAA-9FB4-CF5881ECC8EA}"
EndProject
Project("{FAE04EC0-301F-11D3-BF4B-00C04F79EFBC}") = "HPD.Providers.OnnxRuntime", "HPD.Providers\HPD.Providers.OnnxRuntime\HPD.Providers.OnnxRuntime.csproj", "{4626C798-9F84-4A7B-B4AC-4C8F596B1121}"
EndProject
Project("{FAE04EC0-301F-11D3-BF4B-00C04F79EFBC}") = "HPD.Providers.OpenRouter", "HPD.Providers\HPD.Providers.OpenRouter\HPD.Providers.OpenRouter.csproj", "{823D848C-8BBF-4290-9740-BE9394E8DD36}"
EndProject
Global
	GlobalSection(SolutionConfigurationPlatforms) = preSolution
		Debug|Any CPU = Debug|Any CPU
		Debug|x64 = Debug|x64
		Debug|x86 = Debug|x86
		Release|Any CPU = Release|Any CPU
		Release|x64 = Release|x64
		Release|x86 = Release|x86
	EndGlobalSection
	GlobalSection(ProjectConfigurationPlatforms) = postSolution
		{028CF679-8342-45E5-A8D4-CF864D45F306}.Debug|Any CPU.ActiveCfg = Debug|Any CPU
		{028CF679-8342-45E5-A8D4-CF864D45F306}.Debug|Any CPU.Build.0 = Debug|Any CPU
		{028CF679-8342-45E5-A8D4-CF864D45F306}.Debug|x64.ActiveCfg = Debug|Any CPU
		{028CF679-8342-45E5-A8D4-CF864D45F306}.Debug|x64.Build.0 = Debug|Any CPU
		{028CF679-8342-45E5-A8D4-CF864D45F306}.Debug|x86.ActiveCfg = Debug|Any CPU
		{028CF679-8342-45E5-A8D4-CF864D45F306}.Debug|x86.Build.0 = Debug|Any CPU
		{028CF679-8342-45E5-A8D4-CF864D45F306}.Release|Any CPU.ActiveCfg = Release|Any CPU
		{028CF679-8342-45E5-A8D4-CF864D45F306}.Release|Any CPU.Build.0 = Release|Any CPU
		{028CF679-8342-45E5-A8D4-CF864D45F306}.Release|x64.ActiveCfg = Release|Any CPU
		{028CF679-8342-45E5-A8D4-CF864D45F306}.Release|x64.Build.0 = Release|Any CPU
		{028CF679-8342-45E5-A8D4-CF864D45F306}.Release|x86.ActiveCfg = Release|Any CPU
		{028CF679-8342-45E5-A8D4-CF864D45F306}.Release|x86.Build.0 = Release|Any CPU
		{9FCFCF82-797E-4BD0-A51A-F2E8F68B7636}.Debug|Any CPU.ActiveCfg = Debug|Any CPU
		{9FCFCF82-797E-4BD0-A51A-F2E8F68B7636}.Debug|Any CPU.Build.0 = Debug|Any CPU
		{9FCFCF82-797E-4BD0-A51A-F2E8F68B7636}.Debug|x64.ActiveCfg = Debug|Any CPU
		{9FCFCF82-797E-4BD0-A51A-F2E8F68B7636}.Debug|x64.Build.0 = Debug|Any CPU
		{9FCFCF82-797E-4BD0-A51A-F2E8F68B7636}.Debug|x86.ActiveCfg = Debug|Any CPU
		{9FCFCF82-797E-4BD0-A51A-F2E8F68B7636}.Debug|x86.Build.0 = Debug|Any CPU
		{9FCFCF82-797E-4BD0-A51A-F2E8F68B7636}.Release|Any CPU.ActiveCfg = Release|Any CPU
		{9FCFCF82-797E-4BD0-A51A-F2E8F68B7636}.Release|Any CPU.Build.0 = Release|Any CPU
		{9FCFCF82-797E-4BD0-A51A-F2E8F68B7636}.Release|x64.ActiveCfg = Release|Any CPU
		{9FCFCF82-797E-4BD0-A51A-F2E8F68B7636}.Release|x64.Build.0 = Release|Any CPU
		{9FCFCF82-797E-4BD0-A51A-F2E8F68B7636}.Release|x86.ActiveCfg = Release|Any CPU
		{9FCFCF82-797E-4BD0-A51A-F2E8F68B7636}.Release|x86.Build.0 = Release|Any CPU
		{FAA62D9F-DD0B-457B-89CB-C65E6CBAA83F}.Debug|Any CPU.ActiveCfg = Debug|Any CPU
		{FAA62D9F-DD0B-457B-89CB-C65E6CBAA83F}.Debug|Any CPU.Build.0 = Debug|Any CPU
		{FAA62D9F-DD0B-457B-89CB-C65E6CBAA83F}.Debug|x64.ActiveCfg = Debug|Any CPU
		{FAA62D9F-DD0B-457B-89CB-C65E6CBAA83F}.Debug|x64.Build.0 = Debug|Any CPU
		{FAA62D9F-DD0B-457B-89CB-C65E6CBAA83F}.Debug|x86.ActiveCfg = Debug|Any CPU
		{FAA62D9F-DD0B-457B-89CB-C65E6CBAA83F}.Debug|x86.Build.0 = Debug|Any CPU
		{FAA62D9F-DD0B-457B-89CB-C65E6CBAA83F}.Release|Any CPU.ActiveCfg = Release|Any CPU
		{FAA62D9F-DD0B-457B-89CB-C65E6CBAA83F}.Release|Any CPU.Build.0 = Release|Any CPU
		{FAA62D9F-DD0B-457B-89CB-C65E6CBAA83F}.Release|x64.ActiveCfg = Release|Any CPU
		{FAA62D9F-DD0B-457B-89CB-C65E6CBAA83F}.Release|x64.Build.0 = Release|Any CPU
		{FAA62D9F-DD0B-457B-89CB-C65E6CBAA83F}.Release|x86.ActiveCfg = Release|Any CPU
		{FAA62D9F-DD0B-457B-89CB-C65E6CBAA83F}.Release|x86.Build.0 = Release|Any CPU
		{A1B2C3D4-E5F6-4A7B-8C9D-0E1F2A3B4C5D}.Debug|Any CPU.ActiveCfg = Debug|Any CPU
		{A1B2C3D4-E5F6-4A7B-8C9D-0E1F2A3B4C5D}.Debug|Any CPU.Build.0 = Debug|Any CPU
		{A1B2C3D4-E5F6-4A7B-8C9D-0E1F2A3B4C5D}.Debug|x64.ActiveCfg = Debug|Any CPU
		{A1B2C3D4-E5F6-4A7B-8C9D-0E1F2A3B4C5D}.Debug|x64.Build.0 = Debug|Any CPU
		{A1B2C3D4-E5F6-4A7B-8C9D-0E1F2A3B4C5D}.Debug|x86.ActiveCfg = Debug|Any CPU
		{A1B2C3D4-E5F6-4A7B-8C9D-0E1F2A3B4C5D}.Debug|x86.Build.0 = Debug|Any CPU
		{A1B2C3D4-E5F6-4A7B-8C9D-0E1F2A3B4C5D}.Release|Any CPU.ActiveCfg = Release|Any CPU
		{A1B2C3D4-E5F6-4A7B-8C9D-0E1F2A3B4C5D}.Release|Any CPU.Build.0 = Release|Any CPU
		{A1B2C3D4-E5F6-4A7B-8C9D-0E1F2A3B4C5D}.Release|x64.ActiveCfg = Release|Any CPU
		{A1B2C3D4-E5F6-4A7B-8C9D-0E1F2A3B4C5D}.Release|x64.Build.0 = Release|Any CPU
		{A1B2C3D4-E5F6-4A7B-8C9D-0E1F2A3B4C5D}.Release|x86.ActiveCfg = Release|Any CPU
		{A1B2C3D4-E5F6-4A7B-8C9D-0E1F2A3B4C5D}.Release|x86.Build.0 = Release|Any CPU
		{DB341036-1919-4305-A8D1-0BFC4FDB945C}.Debug|Any CPU.ActiveCfg = Debug|Any CPU
		{DB341036-1919-4305-A8D1-0BFC4FDB945C}.Debug|Any CPU.Build.0 = Debug|Any CPU
		{DB341036-1919-4305-A8D1-0BFC4FDB945C}.Debug|x64.ActiveCfg = Debug|Any CPU
		{DB341036-1919-4305-A8D1-0BFC4FDB945C}.Debug|x64.Build.0 = Debug|Any CPU
		{DB341036-1919-4305-A8D1-0BFC4FDB945C}.Debug|x86.ActiveCfg = Debug|Any CPU
		{DB341036-1919-4305-A8D1-0BFC4FDB945C}.Debug|x86.Build.0 = Debug|Any CPU
		{DB341036-1919-4305-A8D1-0BFC4FDB945C}.Release|Any CPU.ActiveCfg = Release|Any CPU
		{DB341036-1919-4305-A8D1-0BFC4FDB945C}.Release|Any CPU.Build.0 = Release|Any CPU
		{DB341036-1919-4305-A8D1-0BFC4FDB945C}.Release|x64.ActiveCfg = Release|Any CPU
		{DB341036-1919-4305-A8D1-0BFC4FDB945C}.Release|x64.Build.0 = Release|Any CPU
		{DB341036-1919-4305-A8D1-0BFC4FDB945C}.Release|x86.ActiveCfg = Release|Any CPU
		{DB341036-1919-4305-A8D1-0BFC4FDB945C}.Release|x86.Build.0 = Release|Any CPU
		{2C1A268D-DBE4-48D3-A239-C895CB2B5B4B}.Debug|Any CPU.ActiveCfg = Debug|Any CPU
		{2C1A268D-DBE4-48D3-A239-C895CB2B5B4B}.Debug|Any CPU.Build.0 = Debug|Any CPU
		{2C1A268D-DBE4-48D3-A239-C895CB2B5B4B}.Debug|x64.ActiveCfg = Debug|Any CPU
		{2C1A268D-DBE4-48D3-A239-C895CB2B5B4B}.Debug|x64.Build.0 = Debug|Any CPU
		{2C1A268D-DBE4-48D3-A239-C895CB2B5B4B}.Debug|x86.ActiveCfg = Debug|Any CPU
		{2C1A268D-DBE4-48D3-A239-C895CB2B5B4B}.Debug|x86.Build.0 = Debug|Any CPU
		{2C1A268D-DBE4-48D3-A239-C895CB2B5B4B}.Release|Any CPU.ActiveCfg = Release|Any CPU
		{2C1A268D-DBE4-48D3-A239-C895CB2B5B4B}.Release|Any CPU.Build.0 = Release|Any CPU
		{2C1A268D-DBE4-48D3-A239-C895CB2B5B4B}.Release|x64.ActiveCfg = Release|Any CPU
		{2C1A268D-DBE4-48D3-A239-C895CB2B5B4B}.Release|x64.Build.0 = Release|Any CPU
		{2C1A268D-DBE4-48D3-A239-C895CB2B5B4B}.Release|x86.ActiveCfg = Release|Any CPU
		{2C1A268D-DBE4-48D3-A239-C895CB2B5B4B}.Release|x86.Build.0 = Release|Any CPU
		{7F8FEE84-E0A4-490D-909A-00E6C90BE908}.Debug|Any CPU.ActiveCfg = Debug|Any CPU
		{7F8FEE84-E0A4-490D-909A-00E6C90BE908}.Debug|Any CPU.Build.0 = Debug|Any CPU
		{7F8FEE84-E0A4-490D-909A-00E6C90BE908}.Debug|x64.ActiveCfg = Debug|Any CPU
		{7F8FEE84-E0A4-490D-909A-00E6C90BE908}.Debug|x64.Build.0 = Debug|Any CPU
		{7F8FEE84-E0A4-490D-909A-00E6C90BE908}.Debug|x86.ActiveCfg = Debug|Any CPU
		{7F8FEE84-E0A4-490D-909A-00E6C90BE908}.Debug|x86.Build.0 = Debug|Any CPU
		{7F8FEE84-E0A4-490D-909A-00E6C90BE908}.Release|Any CPU.ActiveCfg = Release|Any CPU
		{7F8FEE84-E0A4-490D-909A-00E6C90BE908}.Release|Any CPU.Build.0 = Release|Any CPU
		{7F8FEE84-E0A4-490D-909A-00E6C90BE908}.Release|x64.ActiveCfg = Release|Any CPU
		{7F8FEE84-E0A4-490D-909A-00E6C90BE908}.Release|x64.Build.0 = Release|Any CPU
		{7F8FEE84-E0A4-490D-909A-00E6C90BE908}.Release|x86.ActiveCfg = Release|Any CPU
		{7F8FEE84-E0A4-490D-909A-00E6C90BE908}.Release|x86.Build.0 = Release|Any CPU
		{BD961935-E21F-42F0-B696-2FAC890CE33E}.Debug|Any CPU.ActiveCfg = Debug|Any CPU
		{BD961935-E21F-42F0-B696-2FAC890CE33E}.Debug|Any CPU.Build.0 = Debug|Any CPU
		{BD961935-E21F-42F0-B696-2FAC890CE33E}.Debug|x64.ActiveCfg = Debug|Any CPU
		{BD961935-E21F-42F0-B696-2FAC890CE33E}.Debug|x64.Build.0 = Debug|Any CPU
		{BD961935-E21F-42F0-B696-2FAC890CE33E}.Debug|x86.ActiveCfg = Debug|Any CPU
		{BD961935-E21F-42F0-B696-2FAC890CE33E}.Debug|x86.Build.0 = Debug|Any CPU
		{BD961935-E21F-42F0-B696-2FAC890CE33E}.Release|Any CPU.ActiveCfg = Release|Any CPU
		{BD961935-E21F-42F0-B696-2FAC890CE33E}.Release|Any CPU.Build.0 = Release|Any CPU
		{BD961935-E21F-42F0-B696-2FAC890CE33E}.Release|x64.ActiveCfg = Release|Any CPU
		{BD961935-E21F-42F0-B696-2FAC890CE33E}.Release|x64.Build.0 = Release|Any CPU
		{BD961935-E21F-42F0-B696-2FAC890CE33E}.Release|x86.ActiveCfg = Release|Any CPU
		{BD961935-E21F-42F0-B696-2FAC890CE33E}.Release|x86.Build.0 = Release|Any CPU
		{7978DBA1-18F7-4C47-A0A6-9ABB91D4EF78}.Debug|Any CPU.ActiveCfg = Debug|Any CPU
		{7978DBA1-18F7-4C47-A0A6-9ABB91D4EF78}.Debug|Any CPU.Build.0 = Debug|Any CPU
		{7978DBA1-18F7-4C47-A0A6-9ABB91D4EF78}.Debug|x64.ActiveCfg = Debug|Any CPU
		{7978DBA1-18F7-4C47-A0A6-9ABB91D4EF78}.Debug|x64.Build.0 = Debug|Any CPU
		{7978DBA1-18F7-4C47-A0A6-9ABB91D4EF78}.Debug|x86.ActiveCfg = Debug|Any CPU
		{7978DBA1-18F7-4C47-A0A6-9ABB91D4EF78}.Debug|x86.Build.0 = Debug|Any CPU
		{7978DBA1-18F7-4C47-A0A6-9ABB91D4EF78}.Release|Any CPU.ActiveCfg = Release|Any CPU
		{7978DBA1-18F7-4C47-A0A6-9ABB91D4EF78}.Release|Any CPU.Build.0 = Release|Any CPU
		{7978DBA1-18F7-4C47-A0A6-9ABB91D4EF78}.Release|x64.ActiveCfg = Release|Any CPU
		{7978DBA1-18F7-4C47-A0A6-9ABB91D4EF78}.Release|x64.Build.0 = Release|Any CPU
		{7978DBA1-18F7-4C47-A0A6-9ABB91D4EF78}.Release|x86.ActiveCfg = Release|Any CPU
		{7978DBA1-18F7-4C47-A0A6-9ABB91D4EF78}.Release|x86.Build.0 = Release|Any CPU
		{CC96AC1E-BE3B-4A28-ADFD-966A1B7F8C1B}.Debug|Any CPU.ActiveCfg = Debug|Any CPU
		{CC96AC1E-BE3B-4A28-ADFD-966A1B7F8C1B}.Debug|Any CPU.Build.0 = Debug|Any CPU
		{CC96AC1E-BE3B-4A28-ADFD-966A1B7F8C1B}.Debug|x64.ActiveCfg = Debug|Any CPU
		{CC96AC1E-BE3B-4A28-ADFD-966A1B7F8C1B}.Debug|x64.Build.0 = Debug|Any CPU
		{CC96AC1E-BE3B-4A28-ADFD-966A1B7F8C1B}.Debug|x86.ActiveCfg = Debug|Any CPU
		{CC96AC1E-BE3B-4A28-ADFD-966A1B7F8C1B}.Debug|x86.Build.0 = Debug|Any CPU
		{CC96AC1E-BE3B-4A28-ADFD-966A1B7F8C1B}.Release|Any CPU.ActiveCfg = Release|Any CPU
		{CC96AC1E-BE3B-4A28-ADFD-966A1B7F8C1B}.Release|Any CPU.Build.0 = Release|Any CPU
		{CC96AC1E-BE3B-4A28-ADFD-966A1B7F8C1B}.Release|x64.ActiveCfg = Release|Any CPU
		{CC96AC1E-BE3B-4A28-ADFD-966A1B7F8C1B}.Release|x64.Build.0 = Release|Any CPU
		{CC96AC1E-BE3B-4A28-ADFD-966A1B7F8C1B}.Release|x86.ActiveCfg = Release|Any CPU
		{CC96AC1E-BE3B-4A28-ADFD-966A1B7F8C1B}.Release|x86.Build.0 = Release|Any CPU
		{505E42E8-BB57-4A67-B2A0-C62680F9478F}.Debug|Any CPU.ActiveCfg = Debug|Any CPU
		{505E42E8-BB57-4A67-B2A0-C62680F9478F}.Debug|Any CPU.Build.0 = Debug|Any CPU
		{505E42E8-BB57-4A67-B2A0-C62680F9478F}.Debug|x64.ActiveCfg = Debug|Any CPU
		{505E42E8-BB57-4A67-B2A0-C62680F9478F}.Debug|x64.Build.0 = Debug|Any CPU
		{505E42E8-BB57-4A67-B2A0-C62680F9478F}.Debug|x86.ActiveCfg = Debug|Any CPU
		{505E42E8-BB57-4A67-B2A0-C62680F9478F}.Debug|x86.Build.0 = Debug|Any CPU
		{505E42E8-BB57-4A67-B2A0-C62680F9478F}.Release|Any CPU.ActiveCfg = Release|Any CPU
		{505E42E8-BB57-4A67-B2A0-C62680F9478F}.Release|Any CPU.Build.0 = Release|Any CPU
		{505E42E8-BB57-4A67-B2A0-C62680F9478F}.Release|x64.ActiveCfg = Release|Any CPU
		{505E42E8-BB57-4A67-B2A0-C62680F9478F}.Release|x64.Build.0 = Release|Any CPU
		{505E42E8-BB57-4A67-B2A0-C62680F9478F}.Release|x86.ActiveCfg = Release|Any CPU
		{505E42E8-BB57-4A67-B2A0-C62680F9478F}.Release|x86.Build.0 = Release|Any CPU
		{082A29DF-27E8-48FD-95E6-6B6579EB5F2B}.Debug|Any CPU.ActiveCfg = Debug|Any CPU
		{082A29DF-27E8-48FD-95E6-6B6579EB5F2B}.Debug|Any CPU.Build.0 = Debug|Any CPU
		{082A29DF-27E8-48FD-95E6-6B6579EB5F2B}.Debug|x64.ActiveCfg = Debug|Any CPU
		{082A29DF-27E8-48FD-95E6-6B6579EB5F2B}.Debug|x64.Build.0 = Debug|Any CPU
		{082A29DF-27E8-48FD-95E6-6B6579EB5F2B}.Debug|x86.ActiveCfg = Debug|Any CPU
		{082A29DF-27E8-48FD-95E6-6B6579EB5F2B}.Debug|x86.Build.0 = Debug|Any CPU
		{082A29DF-27E8-48FD-95E6-6B6579EB5F2B}.Release|Any CPU.ActiveCfg = Release|Any CPU
		{082A29DF-27E8-48FD-95E6-6B6579EB5F2B}.Release|Any CPU.Build.0 = Release|Any CPU
		{082A29DF-27E8-48FD-95E6-6B6579EB5F2B}.Release|x64.ActiveCfg = Release|Any CPU
		{082A29DF-27E8-48FD-95E6-6B6579EB5F2B}.Release|x64.Build.0 = Release|Any CPU
		{082A29DF-27E8-48FD-95E6-6B6579EB5F2B}.Release|x86.ActiveCfg = Release|Any CPU
		{082A29DF-27E8-48FD-95E6-6B6579EB5F2B}.Release|x86.Build.0 = Release|Any CPU
		{8F3361D0-BB24-432B-9150-A490C46ADEFA}.Debug|Any CPU.ActiveCfg = Debug|Any CPU
		{8F3361D0-BB24-432B-9150-A490C46ADEFA}.Debug|Any CPU.Build.0 = Debug|Any CPU
		{8F3361D0-BB24-432B-9150-A490C46ADEFA}.Debug|x64.ActiveCfg = Debug|Any CPU
		{8F3361D0-BB24-432B-9150-A490C46ADEFA}.Debug|x64.Build.0 = Debug|Any CPU
		{8F3361D0-BB24-432B-9150-A490C46ADEFA}.Debug|x86.ActiveCfg = Debug|Any CPU
		{8F3361D0-BB24-432B-9150-A490C46ADEFA}.Debug|x86.Build.0 = Debug|Any CPU
		{8F3361D0-BB24-432B-9150-A490C46ADEFA}.Release|Any CPU.ActiveCfg = Release|Any CPU
		{8F3361D0-BB24-432B-9150-A490C46ADEFA}.Release|Any CPU.Build.0 = Release|Any CPU
		{8F3361D0-BB24-432B-9150-A490C46ADEFA}.Release|x64.ActiveCfg = Release|Any CPU
		{8F3361D0-BB24-432B-9150-A490C46ADEFA}.Release|x64.Build.0 = Release|Any CPU
		{8F3361D0-BB24-432B-9150-A490C46ADEFA}.Release|x86.ActiveCfg = Release|Any CPU
		{8F3361D0-BB24-432B-9150-A490C46ADEFA}.Release|x86.Build.0 = Release|Any CPU
		{91F79803-F847-4AAA-9FB4-CF5881ECC8EA}.Debug|Any CPU.ActiveCfg = Debug|Any CPU
		{91F79803-F847-4AAA-9FB4-CF5881ECC8EA}.Debug|Any CPU.Build.0 = Debug|Any CPU
		{91F79803-F847-4AAA-9FB4-CF5881ECC8EA}.Debug|x64.ActiveCfg = Debug|Any CPU
		{91F79803-F847-4AAA-9FB4-CF5881ECC8EA}.Debug|x64.Build.0 = Debug|Any CPU
		{91F79803-F847-4AAA-9FB4-CF5881ECC8EA}.Debug|x86.ActiveCfg = Debug|Any CPU
		{91F79803-F847-4AAA-9FB4-CF5881ECC8EA}.Debug|x86.Build.0 = Debug|Any CPU
		{91F79803-F847-4AAA-9FB4-CF5881ECC8EA}.Release|Any CPU.ActiveCfg = Release|Any CPU
		{91F79803-F847-4AAA-9FB4-CF5881ECC8EA}.Release|Any CPU.Build.0 = Release|Any CPU
		{91F79803-F847-4AAA-9FB4-CF5881ECC8EA}.Release|x64.ActiveCfg = Release|Any CPU
		{91F79803-F847-4AAA-9FB4-CF5881ECC8EA}.Release|x64.Build.0 = Release|Any CPU
		{91F79803-F847-4AAA-9FB4-CF5881ECC8EA}.Release|x86.ActiveCfg = Release|Any CPU
		{91F79803-F847-4AAA-9FB4-CF5881ECC8EA}.Release|x86.Build.0 = Release|Any CPU
		{4626C798-9F84-4A7B-B4AC-4C8F596B1121}.Debug|Any CPU.ActiveCfg = Debug|Any CPU
		{4626C798-9F84-4A7B-B4AC-4C8F596B1121}.Debug|Any CPU.Build.0 = Debug|Any CPU
		{4626C798-9F84-4A7B-B4AC-4C8F596B1121}.Debug|x64.ActiveCfg = Debug|Any CPU
		{4626C798-9F84-4A7B-B4AC-4C8F596B1121}.Debug|x64.Build.0 = Debug|Any CPU
		{4626C798-9F84-4A7B-B4AC-4C8F596B1121}.Debug|x86.ActiveCfg = Debug|Any CPU
		{4626C798-9F84-4A7B-B4AC-4C8F596B1121}.Debug|x86.Build.0 = Debug|Any CPU
		{4626C798-9F84-4A7B-B4AC-4C8F596B1121}.Release|Any CPU.ActiveCfg = Release|Any CPU
		{4626C798-9F84-4A7B-B4AC-4C8F596B1121}.Release|Any CPU.Build.0 = Release|Any CPU
		{4626C798-9F84-4A7B-B4AC-4C8F596B1121}.Release|x64.ActiveCfg = Release|Any CPU
		{4626C798-9F84-4A7B-B4AC-4C8F596B1121}.Release|x64.Build.0 = Release|Any CPU
		{4626C798-9F84-4A7B-B4AC-4C8F596B1121}.Release|x86.ActiveCfg = Release|Any CPU
		{4626C798-9F84-4A7B-B4AC-4C8F596B1121}.Release|x86.Build.0 = Release|Any CPU
		{823D848C-8BBF-4290-9740-BE9394E8DD36}.Debug|Any CPU.ActiveCfg = Debug|Any CPU
		{823D848C-8BBF-4290-9740-BE9394E8DD36}.Debug|Any CPU.Build.0 = Debug|Any CPU
		{823D848C-8BBF-4290-9740-BE9394E8DD36}.Debug|x64.ActiveCfg = Debug|Any CPU
		{823D848C-8BBF-4290-9740-BE9394E8DD36}.Debug|x64.Build.0 = Debug|Any CPU
		{823D848C-8BBF-4290-9740-BE9394E8DD36}.Debug|x86.ActiveCfg = Debug|Any CPU
		{823D848C-8BBF-4290-9740-BE9394E8DD36}.Debug|x86.Build.0 = Debug|Any CPU
		{823D848C-8BBF-4290-9740-BE9394E8DD36}.Release|Any CPU.ActiveCfg = Release|Any CPU
		{823D848C-8BBF-4290-9740-BE9394E8DD36}.Release|Any CPU.Build.0 = Release|Any CPU
		{823D848C-8BBF-4290-9740-BE9394E8DD36}.Release|x64.ActiveCfg = Release|Any CPU
		{823D848C-8BBF-4290-9740-BE9394E8DD36}.Release|x64.Build.0 = Release|Any CPU
		{823D848C-8BBF-4290-9740-BE9394E8DD36}.Release|x86.ActiveCfg = Release|Any CPU
		{823D848C-8BBF-4290-9740-BE9394E8DD36}.Release|x86.Build.0 = Release|Any CPU
	EndGlobalSection
	GlobalSection(SolutionProperties) = preSolution
		HideSolutionNode = FALSE
	EndGlobalSection
	GlobalSection(NestedProjects) = preSolution
		{DB341036-1919-4305-A8D1-0BFC4FDB945C} = {DA053773-4718-BBFE-4AB7-9E4FCE55BF84}
		{2C1A268D-DBE4-48D3-A239-C895CB2B5B4B} = {13F376EC-4ED9-804B-45EC-213154A263D1}
		{7F8FEE84-E0A4-490D-909A-00E6C90BE908} = {13F376EC-4ED9-804B-45EC-213154A263D1}
		{BD961935-E21F-42F0-B696-2FAC890CE33E} = {13F376EC-4ED9-804B-45EC-213154A263D1}
		{7978DBA1-18F7-4C47-A0A6-9ABB91D4EF78} = {13F376EC-4ED9-804B-45EC-213154A263D1}
		{CC96AC1E-BE3B-4A28-ADFD-966A1B7F8C1B} = {13F376EC-4ED9-804B-45EC-213154A263D1}
		{505E42E8-BB57-4A67-B2A0-C62680F9478F} = {13F376EC-4ED9-804B-45EC-213154A263D1}
		{082A29DF-27E8-48FD-95E6-6B6579EB5F2B} = {13F376EC-4ED9-804B-45EC-213154A263D1}
		{8F3361D0-BB24-432B-9150-A490C46ADEFA} = {13F376EC-4ED9-804B-45EC-213154A263D1}
		{91F79803-F847-4AAA-9FB4-CF5881ECC8EA} = {13F376EC-4ED9-804B-45EC-213154A263D1}
		{4626C798-9F84-4A7B-B4AC-4C8F596B1121} = {13F376EC-4ED9-804B-45EC-213154A263D1}
		{823D848C-8BBF-4290-9740-BE9394E8DD36} = {13F376EC-4ED9-804B-45EC-213154A263D1}
	EndGlobalSection
EndGlobal
